PODS:
  - Flutter (1.0.0)
  - system_settings (0.0.1):
    - Flutter

DEPENDENCIES:
  - Flutter (from `Flutter`)
  - system_settings (from `.symlinks/plugins/system_settings/ios`)

EXTERNAL SOURCES:
  Flutter:
    :path: Flutter
  system_settings:
    :path: ".symlinks/plugins/system_settings/ios"

SPEC CHECKSUMS:
  Flutter: 434fef37c0980e73bb6479ef766c45957d4b510c
  system_settings: 8f5cdbfa72c677fc8d665b863bcc20d393d87e9d

PODFILE CHECKSUM: aafe91acc616949ddb318b77800a7f51bffa2a4c

COCOAPODS: 1.8.4
